
Microsoft Visual Studio Solution File, Format Version 12.00
# Visual Studio Version 16
VisualStudioVersion = 16.0.809.0
MinimumVisualStudioVersion = 10.0.40219.1
Project("{FAE04EC0-301F-11D3-BF4B-00C04F79EFBC}") = "PhotoGalery", "PhotoGalery.csproj", "{58FA9AA8-24F0-4E97-B7B1-247AFA458F9B}"
EndProject
Project("{FAE04EC0-301F-11D3-BF4B-00C04F79EFBC}") = "PhotoGalery.Http.Shared", "..\..\04-Shared\PhotoGalery.Http.Shared\PhotoGalery.Http.Shared.csproj", "{ACF7CA21-334A-474F-B09E-1AC2271379CD}"
EndProject
Global
	GlobalSection(SolutionConfigurationPlatforms) = preSolution
		Debug|Any CPU = Debug|Any CPU
		Release|Any CPU = Release|Any CPU
	EndGlobalSection
	GlobalSection(ProjectConfigurationPlatforms) = postSolution
		{58FA9AA8-24F0-4E97-B7B1-247AFA458F9B}.Debug|Any CPU.ActiveCfg = Debug|Any CPU
		{58FA9AA8-24F0-4E97-B7B1-247AFA458F9B}.Debug|Any CPU.Build.0 = Debug|Any CPU
		{58FA9AA8-24F0-4E97-B7B1-247AFA458F9B}.Release|Any CPU.ActiveCfg = Release|Any CPU
		{58FA9AA8-24F0-4E97-B7B1-247AFA458F9B}.Release|Any CPU.Build.0 = Release|Any CPU
		{ACF7CA21-334A-474F-B09E-1AC2271379CD}.Debug|Any CPU.ActiveCfg = Debug|Any CPU
		{ACF7CA21-334A-474F-B09E-1AC2271379CD}.Debug|Any CPU.Build.0 = Debug|Any CPU
		{ACF7CA21-334A-474F-B09E-1AC2271379CD}.Release|Any CPU.ActiveCfg = Release|Any CPU
		{ACF7CA21-334A-474F-B09E-1AC2271379CD}.Release|Any CPU.Build.0 = Release|Any CPU
	EndGlobalSection
	GlobalSection(SolutionProperties) = preSolution
		HideSolutionNode = FALSE
	EndGlobalSection
	GlobalSection(ExtensibilityGlobals) = postSolution
		SolutionGuid = {4DBE1D30-321C-4F8C-AA3D-7E695D6037AE}
	EndGlobalSection
EndGlobal
