
Microsoft Visual Studio Solution File, Format Version 12.00
# Visual Studio Version 16
VisualStudioVersion = 16.0.30907.101
MinimumVisualStudioVersion = 10.0.40219.1
Project("{9A19103F-16F7-4668-BE54-9A1E7A4F7556}") = "PhotoGalery.Mobile", "02-Mobile\PhotoGalery.Mobile\PhotoGalery.Mobile.csproj", "{62035E60-E23D-49CC-BEC7-311BBA020A76}"
EndProject
Project("{FAE04EC0-301F-11D3-BF4B-00C04F79EFBC}") = "PhotoGalery.Mobile.Android", "02-Mobile\PhotoGalery.Mobile.Android\PhotoGalery.Mobile.Android.csproj", "{CA0F764A-4835-49D0-8907-28D98D3980C1}"
EndProject
Project("{FAE04EC0-301F-11D3-BF4B-00C04F79EFBC}") = "PhotoGalery.Mobile.iOS", "02-Mobile\PhotoGalery.Mobile.iOS\PhotoGalery.Mobile.iOS.csproj", "{D1C959C8-11BE-45B5-BF3A-1EDD730F4574}"
EndProject
Project("{9A19103F-16F7-4668-BE54-9A1E7A4F7556}") = "PhotoGallery.Shared", "04-Shared\PhotoGallery.Shared\PhotoGallery.Shared.csproj", "{FDF4D8B7-956D-4BA9-85E0-DBB868DE9F29}"
EndProject
Project("{9A19103F-16F7-4668-BE54-9A1E7A4F7556}") = "PhotoGalery.Http.Shared", "04-Shared\PhotoGalery.Http.Shared\PhotoGalery.Http.Shared.csproj", "{3D8438E7-A6CF-4E70-8710-F2C3F0ACE85B}"
EndProject
Project("{2150E333-8FDC-42A3-9474-1A3956D46DE8}") = "Tests", "Tests", "{11FEB46C-335E-43D4-99FB-0B47EB2298BC}"
EndProject
Project("{9A19103F-16F7-4668-BE54-9A1E7A4F7556}") = "PhotoGalery.Http.Shared.AutomatedTests", "05-Tests\PhotoGalery.Http.Shared.AutomatedTests\PhotoGalery.Http.Shared.AutomatedTests.csproj", "{12A715C2-8F74-41C7-9BE9-C0B6B5964686}"
EndProject
Project("{FAE04EC0-301F-11D3-BF4B-00C04F79EFBC}") = "PhotoGalery.Mobile.UITest", "05-Tests\PhotoGalery.Mobile.UITest\PhotoGalery.Mobile.UITest.csproj", "{AFD63142-F40F-45D2-A3A0-6AAAB24983E8}"
EndProject
Global
	GlobalSection(SolutionConfigurationPlatforms) = preSolution
		Ad-Hoc|Any CPU = Ad-Hoc|Any CPU
		Ad-Hoc|iPhone = Ad-Hoc|iPhone
		Ad-Hoc|iPhoneSimulator = Ad-Hoc|iPhoneSimulator
		AppStore|Any CPU = AppStore|Any CPU
		AppStore|iPhone = AppStore|iPhone
		AppStore|iPhoneSimulator = AppStore|iPhoneSimulator
		Debug|Any CPU = Debug|Any CPU
		Debug|iPhone = Debug|iPhone
		Debug|iPhoneSimulator = Debug|iPhoneSimulator
		Release|Any CPU = Release|Any CPU
		Release|iPhone = Release|iPhone
		Release|iPhoneSimulator = Release|iPhoneSimulator
	EndGlobalSection
	GlobalSection(ProjectConfigurationPlatforms) = postSolution
		{62035E60-E23D-49CC-BEC7-311BBA020A76}.Ad-Hoc|Any CPU.ActiveCfg = Release|Any CPU
		{62035E60-E23D-49CC-BEC7-311BBA020A76}.Ad-Hoc|Any CPU.Build.0 = Release|Any CPU
		{62035E60-E23D-49CC-BEC7-311BBA020A76}.Ad-Hoc|iPhone.ActiveCfg = Debug|Any CPU
		{62035E60-E23D-49CC-BEC7-311BBA020A76}.Ad-Hoc|iPhone.Build.0 = Debug|Any CPU
		{62035E60-E23D-49CC-BEC7-311BBA020A76}.Ad-Hoc|iPhoneSimulator.ActiveCfg = Release|Any CPU
		{62035E60-E23D-49CC-BEC7-311BBA020A76}.Ad-Hoc|iPhoneSimulator.Build.0 = Release|Any CPU
		{62035E60-E23D-49CC-BEC7-311BBA020A76}.AppStore|Any CPU.ActiveCfg = Release|Any CPU
		{62035E60-E23D-49CC-BEC7-311BBA020A76}.AppStore|Any CPU.Build.0 = Release|Any CPU
		{62035E60-E23D-49CC-BEC7-311BBA020A76}.AppStore|iPhone.ActiveCfg = Debug|Any CPU
		{62035E60-E23D-49CC-BEC7-311BBA020A76}.AppStore|iPhone.Build.0 = Debug|Any CPU
		{62035E60-E23D-49CC-BEC7-311BBA020A76}.AppStore|iPhoneSimulator.ActiveCfg = Release|Any CPU
		{62035E60-E23D-49CC-BEC7-311BBA020A76}.AppStore|iPhoneSimulator.Build.0 = Release|Any CPU
		{62035E60-E23D-49CC-BEC7-311BBA020A76}.Debug|Any CPU.ActiveCfg = Debug|Any CPU
		{62035E60-E23D-49CC-BEC7-311BBA020A76}.Debug|Any CPU.Build.0 = Debug|Any CPU
		{62035E60-E23D-49CC-BEC7-311BBA020A76}.Debug|iPhone.ActiveCfg = Debug|Any CPU
		{62035E60-E23D-49CC-BEC7-311BBA020A76}.Debug|iPhone.Build.0 = Debug|Any CPU
		{62035E60-E23D-49CC-BEC7-311BBA020A76}.Debug|iPhoneSimulator.ActiveCfg = Debug|Any CPU
		{62035E60-E23D-49CC-BEC7-311BBA020A76}.Debug|iPhoneSimulator.Build.0 = Debug|Any CPU
		{62035E60-E23D-49CC-BEC7-311BBA020A76}.Release|Any CPU.ActiveCfg = Release|Any CPU
		{62035E60-E23D-49CC-BEC7-311BBA020A76}.Release|Any CPU.Build.0 = Release|Any CPU
		{62035E60-E23D-49CC-BEC7-311BBA020A76}.Release|iPhone.ActiveCfg = Release|Any CPU
		{62035E60-E23D-49CC-BEC7-311BBA020A76}.Release|iPhone.Build.0 = Release|Any CPU
		{62035E60-E23D-49CC-BEC7-311BBA020A76}.Release|iPhoneSimulator.ActiveCfg = Release|Any CPU
		{62035E60-E23D-49CC-BEC7-311BBA020A76}.Release|iPhoneSimulator.Build.0 = Release|Any CPU
		{CA0F764A-4835-49D0-8907-28D98D3980C1}.Ad-Hoc|Any CPU.ActiveCfg = Release|Any CPU
		{CA0F764A-4835-49D0-8907-28D98D3980C1}.Ad-Hoc|Any CPU.Build.0 = Release|Any CPU
		{CA0F764A-4835-49D0-8907-28D98D3980C1}.Ad-Hoc|Any CPU.Deploy.0 = Release|Any CPU
		{CA0F764A-4835-49D0-8907-28D98D3980C1}.Ad-Hoc|iPhone.ActiveCfg = Debug|Any CPU
		{CA0F764A-4835-49D0-8907-28D98D3980C1}.Ad-Hoc|iPhone.Build.0 = Debug|Any CPU
		{CA0F764A-4835-49D0-8907-28D98D3980C1}.Ad-Hoc|iPhone.Deploy.0 = Debug|Any CPU
		{CA0F764A-4835-49D0-8907-28D98D3980C1}.Ad-Hoc|iPhoneSimulator.ActiveCfg = Release|Any CPU
		{CA0F764A-4835-49D0-8907-28D98D3980C1}.Ad-Hoc|iPhoneSimulator.Build.0 = Release|Any CPU
		{CA0F764A-4835-49D0-8907-28D98D3980C1}.Ad-Hoc|iPhoneSimulator.Deploy.0 = Release|Any CPU
		{CA0F764A-4835-49D0-8907-28D98D3980C1}.AppStore|Any CPU.ActiveCfg = Release|Any CPU
		{CA0F764A-4835-49D0-8907-28D98D3980C1}.AppStore|Any CPU.Build.0 = Release|Any CPU
		{CA0F764A-4835-49D0-8907-28D98D3980C1}.AppStore|Any CPU.Deploy.0 = Release|Any CPU
		{CA0F764A-4835-49D0-8907-28D98D3980C1}.AppStore|iPhone.ActiveCfg = Debug|Any CPU
		{CA0F764A-4835-49D0-8907-28D98D3980C1}.AppStore|iPhone.Build.0 = Debug|Any CPU
		{CA0F764A-4835-49D0-8907-28D98D3980C1}.AppStore|iPhone.Deploy.0 = Debug|Any CPU
		{CA0F764A-4835-49D0-8907-28D98D3980C1}.AppStore|iPhoneSimulator.ActiveCfg = Release|Any CPU
		{CA0F764A-4835-49D0-8907-28D98D3980C1}.AppStore|iPhoneSimulator.Build.0 = Release|Any CPU
		{CA0F764A-4835-49D0-8907-28D98D3980C1}.AppStore|iPhoneSimulator.Deploy.0 = Release|Any CPU
		{CA0F764A-4835-49D0-8907-28D98D3980C1}.Debug|Any CPU.ActiveCfg = Debug|Any CPU
		{CA0F764A-4835-49D0-8907-28D98D3980C1}.Debug|Any CPU.Build.0 = Debug|Any CPU
		{CA0F764A-4835-49D0-8907-28D98D3980C1}.Debug|Any CPU.Deploy.0 = Debug|Any CPU
		{CA0F764A-4835-49D0-8907-28D98D3980C1}.Debug|iPhone.ActiveCfg = Debug|Any CPU
		{CA0F764A-4835-49D0-8907-28D98D3980C1}.Debug|iPhone.Build.0 = Debug|Any CPU
		{CA0F764A-4835-49D0-8907-28D98D3980C1}.Debug|iPhone.Deploy.0 = Debug|Any CPU
		{CA0F764A-4835-49D0-8907-28D98D3980C1}.Debug|iPhoneSimulator.ActiveCfg = Debug|Any CPU
		{CA0F764A-4835-49D0-8907-28D98D3980C1}.Debug|iPhoneSimulator.Build.0 = Debug|Any CPU
		{CA0F764A-4835-49D0-8907-28D98D3980C1}.Debug|iPhoneSimulator.Deploy.0 = Debug|Any CPU
		{CA0F764A-4835-49D0-8907-28D98D3980C1}.Release|Any CPU.ActiveCfg = Release|Any CPU
		{CA0F764A-4835-49D0-8907-28D98D3980C1}.Release|Any CPU.Build.0 = Release|Any CPU
		{CA0F764A-4835-49D0-8907-28D98D3980C1}.Release|Any CPU.Deploy.0 = Release|Any CPU
		{CA0F764A-4835-49D0-8907-28D98D3980C1}.Release|iPhone.ActiveCfg = Release|Any CPU
		{CA0F764A-4835-49D0-8907-28D98D3980C1}.Release|iPhone.Build.0 = Release|Any CPU
		{CA0F764A-4835-49D0-8907-28D98D3980C1}.Release|iPhone.Deploy.0 = Release|Any CPU
		{CA0F764A-4835-49D0-8907-28D98D3980C1}.Release|iPhoneSimulator.ActiveCfg = Release|Any CPU
		{CA0F764A-4835-49D0-8907-28D98D3980C1}.Release|iPhoneSimulator.Build.0 = Release|Any CPU
		{CA0F764A-4835-49D0-8907-28D98D3980C1}.Release|iPhoneSimulator.Deploy.0 = Release|Any CPU
		{D1C959C8-11BE-45B5-BF3A-1EDD730F4574}.Ad-Hoc|Any CPU.ActiveCfg = Debug|iPhoneSimulator
		{D1C959C8-11BE-45B5-BF3A-1EDD730F4574}.Ad-Hoc|iPhone.ActiveCfg = Ad-Hoc|iPhone
		{D1C959C8-11BE-45B5-BF3A-1EDD730F4574}.Ad-Hoc|iPhone.Build.0 = Ad-Hoc|iPhone
		{D1C959C8-11BE-45B5-BF3A-1EDD730F4574}.Ad-Hoc|iPhone.Deploy.0 = Ad-Hoc|iPhone
		{D1C959C8-11BE-45B5-BF3A-1EDD730F4574}.Ad-Hoc|iPhoneSimulator.ActiveCfg = Ad-Hoc|iPhoneSimulator
		{D1C959C8-11BE-45B5-BF3A-1EDD730F4574}.Ad-Hoc|iPhoneSimulator.Build.0 = Ad-Hoc|iPhoneSimulator
		{D1C959C8-11BE-45B5-BF3A-1EDD730F4574}.AppStore|Any CPU.ActiveCfg = Debug|iPhoneSimulator
		{D1C959C8-11BE-45B5-BF3A-1EDD730F4574}.AppStore|iPhone.ActiveCfg = AppStore|iPhone
		{D1C959C8-11BE-45B5-BF3A-1EDD730F4574}.AppStore|iPhone.Build.0 = AppStore|iPhone
		{D1C959C8-11BE-45B5-BF3A-1EDD730F4574}.AppStore|iPhone.Deploy.0 = AppStore|iPhone
		{D1C959C8-11BE-45B5-BF3A-1EDD730F4574}.AppStore|iPhoneSimulator.ActiveCfg = AppStore|iPhoneSimulator
		{D1C959C8-11BE-45B5-BF3A-1EDD730F4574}.AppStore|iPhoneSimulator.Build.0 = AppStore|iPhoneSimulator
		{D1C959C8-11BE-45B5-BF3A-1EDD730F4574}.Debug|Any CPU.ActiveCfg = Debug|iPhoneSimulator
		{D1C959C8-11BE-45B5-BF3A-1EDD730F4574}.Debug|Any CPU.Build.0 = Debug|iPhoneSimulator
		{D1C959C8-11BE-45B5-BF3A-1EDD730F4574}.Debug|Any CPU.Deploy.0 = Debug|iPhoneSimulator
		{D1C959C8-11BE-45B5-BF3A-1EDD730F4574}.Debug|iPhone.ActiveCfg = Debug|iPhone
		{D1C959C8-11BE-45B5-BF3A-1EDD730F4574}.Debug|iPhone.Build.0 = Debug|iPhone
		{D1C959C8-11BE-45B5-BF3A-1EDD730F4574}.Debug|iPhone.Deploy.0 = Debug|iPhone
		{D1C959C8-11BE-45B5-BF3A-1EDD730F4574}.Debug|iPhoneSimulator.ActiveCfg = Debug|iPhoneSimulator
		{D1C959C8-11BE-45B5-BF3A-1EDD730F4574}.Debug|iPhoneSimulator.Build.0 = Debug|iPhoneSimulator
		{D1C959C8-11BE-45B5-BF3A-1EDD730F4574}.Debug|iPhoneSimulator.Deploy.0 = Debug|iPhoneSimulator
		{D1C959C8-11BE-45B5-BF3A-1EDD730F4574}.Release|Any CPU.ActiveCfg = Release|iPhoneSimulator
		{D1C959C8-11BE-45B5-BF3A-1EDD730F4574}.Release|Any CPU.Build.0 = Release|iPhoneSimulator
		{D1C959C8-11BE-45B5-BF3A-1EDD730F4574}.Release|Any CPU.Deploy.0 = Release|iPhoneSimulator
		{D1C959C8-11BE-45B5-BF3A-1EDD730F4574}.Release|iPhone.ActiveCfg = Release|iPhone
		{D1C959C8-11BE-45B5-BF3A-1EDD730F4574}.Release|iPhone.Build.0 = Release|iPhone
		{D1C959C8-11BE-45B5-BF3A-1EDD730F4574}.Release|iPhone.Deploy.0 = Release|iPhone
		{D1C959C8-11BE-45B5-BF3A-1EDD730F4574}.Release|iPhoneSimulator.ActiveCfg = Release|iPhoneSimulator
		{D1C959C8-11BE-45B5-BF3A-1EDD730F4574}.Release|iPhoneSimulator.Build.0 = Release|iPhoneSimulator
		{D1C959C8-11BE-45B5-BF3A-1EDD730F4574}.Release|iPhoneSimulator.Deploy.0 = Release|iPhoneSimulator
		{FDF4D8B7-956D-4BA9-85E0-DBB868DE9F29}.Ad-Hoc|Any CPU.ActiveCfg = Release|Any CPU
		{FDF4D8B7-956D-4BA9-85E0-DBB868DE9F29}.Ad-Hoc|Any CPU.Build.0 = Release|Any CPU
		{FDF4D8B7-956D-4BA9-85E0-DBB868DE9F29}.Ad-Hoc|iPhone.ActiveCfg = Debug|Any CPU
		{FDF4D8B7-956D-4BA9-85E0-DBB868DE9F29}.Ad-Hoc|iPhone.Build.0 = Debug|Any CPU
		{FDF4D8B7-956D-4BA9-85E0-DBB868DE9F29}.Ad-Hoc|iPhoneSimulator.ActiveCfg = Release|Any CPU
		{FDF4D8B7-956D-4BA9-85E0-DBB868DE9F29}.Ad-Hoc|iPhoneSimulator.Build.0 = Release|Any CPU
		{FDF4D8B7-956D-4BA9-85E0-DBB868DE9F29}.AppStore|Any CPU.ActiveCfg = Release|Any CPU
		{FDF4D8B7-956D-4BA9-85E0-DBB868DE9F29}.AppStore|Any CPU.Build.0 = Release|Any CPU
		{FDF4D8B7-956D-4BA9-85E0-DBB868DE9F29}.AppStore|iPhone.ActiveCfg = Debug|Any CPU
		{FDF4D8B7-956D-4BA9-85E0-DBB868DE9F29}.AppStore|iPhone.Build.0 = Debug|Any CPU
		{FDF4D8B7-956D-4BA9-85E0-DBB868DE9F29}.AppStore|iPhoneSimulator.ActiveCfg = Release|Any CPU
		{FDF4D8B7-956D-4BA9-85E0-DBB868DE9F29}.AppStore|iPhoneSimulator.Build.0 = Release|Any CPU
		{FDF4D8B7-956D-4BA9-85E0-DBB868DE9F29}.Debug|Any CPU.ActiveCfg = Debug|Any CPU
		{FDF4D8B7-956D-4BA9-85E0-DBB868DE9F29}.Debug|Any CPU.Build.0 = Debug|Any CPU
		{FDF4D8B7-956D-4BA9-85E0-DBB868DE9F29}.Debug|iPhone.ActiveCfg = Debug|Any CPU
		{FDF4D8B7-956D-4BA9-85E0-DBB868DE9F29}.Debug|iPhone.Build.0 = Debug|Any CPU
		{FDF4D8B7-956D-4BA9-85E0-DBB868DE9F29}.Debug|iPhoneSimulator.ActiveCfg = Debug|Any CPU
		{FDF4D8B7-956D-4BA9-85E0-DBB868DE9F29}.Debug|iPhoneSimulator.Build.0 = Debug|Any CPU
		{FDF4D8B7-956D-4BA9-85E0-DBB868DE9F29}.Release|Any CPU.ActiveCfg = Release|Any CPU
		{FDF4D8B7-956D-4BA9-85E0-DBB868DE9F29}.Release|Any CPU.Build.0 = Release|Any CPU
		{FDF4D8B7-956D-4BA9-85E0-DBB868DE9F29}.Release|iPhone.ActiveCfg = Release|Any CPU
		{FDF4D8B7-956D-4BA9-85E0-DBB868DE9F29}.Release|iPhone.Build.0 = Release|Any CPU
		{FDF4D8B7-956D-4BA9-85E0-DBB868DE9F29}.Release|iPhoneSimulator.ActiveCfg = Release|Any CPU
		{FDF4D8B7-956D-4BA9-85E0-DBB868DE9F29}.Release|iPhoneSimulator.Build.0 = Release|Any CPU
		{3D8438E7-A6CF-4E70-8710-F2C3F0ACE85B}.Ad-Hoc|Any CPU.ActiveCfg = Release|Any CPU
		{3D8438E7-A6CF-4E70-8710-F2C3F0ACE85B}.Ad-Hoc|Any CPU.Build.0 = Release|Any CPU
		{3D8438E7-A6CF-4E70-8710-F2C3F0ACE85B}.Ad-Hoc|iPhone.ActiveCfg = Debug|Any CPU
		{3D8438E7-A6CF-4E70-8710-F2C3F0ACE85B}.Ad-Hoc|iPhone.Build.0 = Debug|Any CPU
		{3D8438E7-A6CF-4E70-8710-F2C3F0ACE85B}.Ad-Hoc|iPhoneSimulator.ActiveCfg = Release|Any CPU
		{3D8438E7-A6CF-4E70-8710-F2C3F0ACE85B}.Ad-Hoc|iPhoneSimulator.Build.0 = Release|Any CPU
		{3D8438E7-A6CF-4E70-8710-F2C3F0ACE85B}.AppStore|Any CPU.ActiveCfg = Release|Any CPU
		{3D8438E7-A6CF-4E70-8710-F2C3F0ACE85B}.AppStore|Any CPU.Build.0 = Release|Any CPU
		{3D8438E7-A6CF-4E70-8710-F2C3F0ACE85B}.AppStore|iPhone.ActiveCfg = Debug|Any CPU
		{3D8438E7-A6CF-4E70-8710-F2C3F0ACE85B}.AppStore|iPhone.Build.0 = Debug|Any CPU
		{3D8438E7-A6CF-4E70-8710-F2C3F0ACE85B}.AppStore|iPhoneSimulator.ActiveCfg = Release|Any CPU
		{3D8438E7-A6CF-4E70-8710-F2C3F0ACE85B}.AppStore|iPhoneSimulator.Build.0 = Release|Any CPU
		{3D8438E7-A6CF-4E70-8710-F2C3F0ACE85B}.Debug|Any CPU.ActiveCfg = Debug|Any CPU
		{3D8438E7-A6CF-4E70-8710-F2C3F0ACE85B}.Debug|Any CPU.Build.0 = Debug|Any CPU
		{3D8438E7-A6CF-4E70-8710-F2C3F0ACE85B}.Debug|iPhone.ActiveCfg = Debug|Any CPU
		{3D8438E7-A6CF-4E70-8710-F2C3F0ACE85B}.Debug|iPhone.Build.0 = Debug|Any CPU
		{3D8438E7-A6CF-4E70-8710-F2C3F0ACE85B}.Debug|iPhoneSimulator.ActiveCfg = Debug|Any CPU
		{3D8438E7-A6CF-4E70-8710-F2C3F0ACE85B}.Debug|iPhoneSimulator.Build.0 = Debug|Any CPU
		{3D8438E7-A6CF-4E70-8710-F2C3F0ACE85B}.Release|Any CPU.ActiveCfg = Release|Any CPU
		{3D8438E7-A6CF-4E70-8710-F2C3F0ACE85B}.Release|Any CPU.Build.0 = Release|Any CPU
		{3D8438E7-A6CF-4E70-8710-F2C3F0ACE85B}.Release|iPhone.ActiveCfg = Release|Any CPU
		{3D8438E7-A6CF-4E70-8710-F2C3F0ACE85B}.Release|iPhone.Build.0 = Release|Any CPU
		{3D8438E7-A6CF-4E70-8710-F2C3F0ACE85B}.Release|iPhoneSimulator.ActiveCfg = Release|Any CPU
		{3D8438E7-A6CF-4E70-8710-F2C3F0ACE85B}.Release|iPhoneSimulator.Build.0 = Release|Any CPU
		{12A715C2-8F74-41C7-9BE9-C0B6B5964686}.Ad-Hoc|Any CPU.ActiveCfg = Release|Any CPU
		{12A715C2-8F74-41C7-9BE9-C0B6B5964686}.Ad-Hoc|Any CPU.Build.0 = Release|Any CPU
		{12A715C2-8F74-41C7-9BE9-C0B6B5964686}.Ad-Hoc|iPhone.ActiveCfg = Debug|Any CPU
		{12A715C2-8F74-41C7-9BE9-C0B6B5964686}.Ad-Hoc|iPhone.Build.0 = Debug|Any CPU
		{12A715C2-8F74-41C7-9BE9-C0B6B5964686}.Ad-Hoc|iPhoneSimulator.ActiveCfg = Release|Any CPU
		{12A715C2-8F74-41C7-9BE9-C0B6B5964686}.Ad-Hoc|iPhoneSimulator.Build.0 = Release|Any CPU
		{12A715C2-8F74-41C7-9BE9-C0B6B5964686}.AppStore|Any CPU.ActiveCfg = Release|Any CPU
		{12A715C2-8F74-41C7-9BE9-C0B6B5964686}.AppStore|Any CPU.Build.0 = Release|Any CPU
		{12A715C2-8F74-41C7-9BE9-C0B6B5964686}.AppStore|iPhone.ActiveCfg = Debug|Any CPU
		{12A715C2-8F74-41C7-9BE9-C0B6B5964686}.AppStore|iPhone.Build.0 = Debug|Any CPU
		{12A715C2-8F74-41C7-9BE9-C0B6B5964686}.AppStore|iPhoneSimulator.ActiveCfg = Release|Any CPU
		{12A715C2-8F74-41C7-9BE9-C0B6B5964686}.AppStore|iPhoneSimulator.Build.0 = Release|Any CPU
		{12A715C2-8F74-41C7-9BE9-C0B6B5964686}.Debug|Any CPU.ActiveCfg = Debug|Any CPU
		{12A715C2-8F74-41C7-9BE9-C0B6B5964686}.Debug|Any CPU.Build.0 = Debug|Any CPU
		{12A715C2-8F74-41C7-9BE9-C0B6B5964686}.Debug|iPhone.ActiveCfg = Debug|Any CPU
		{12A715C2-8F74-41C7-9BE9-C0B6B5964686}.Debug|iPhone.Build.0 = Debug|Any CPU
		{12A715C2-8F74-41C7-9BE9-C0B6B5964686}.Debug|iPhoneSimulator.ActiveCfg = Debug|Any CPU
		{12A715C2-8F74-41C7-9BE9-C0B6B5964686}.Debug|iPhoneSimulator.Build.0 = Debug|Any CPU
		{12A715C2-8F74-41C7-9BE9-C0B6B5964686}.Release|Any CPU.ActiveCfg = Release|Any CPU
		{12A715C2-8F74-41C7-9BE9-C0B6B5964686}.Release|Any CPU.Build.0 = Release|Any CPU
		{12A715C2-8F74-41C7-9BE9-C0B6B5964686}.Release|iPhone.ActiveCfg = Release|Any CPU
		{12A715C2-8F74-41C7-9BE9-C0B6B5964686}.Release|iPhone.Build.0 = Release|Any CPU
		{12A715C2-8F74-41C7-9BE9-C0B6B5964686}.Release|iPhoneSimulator.ActiveCfg = Release|Any CPU
		{12A715C2-8F74-41C7-9BE9-C0B6B5964686}.Release|iPhoneSimulator.Build.0 = Release|Any CPU
		{AFD63142-F40F-45D2-A3A0-6AAAB24983E8}.Ad-Hoc|Any CPU.ActiveCfg = Debug|Any CPU
		{AFD63142-F40F-45D2-A3A0-6AAAB24983E8}.Ad-Hoc|Any CPU.Build.0 = Debug|Any CPU
		{AFD63142-F40F-45D2-A3A0-6AAAB24983E8}.Ad-Hoc|iPhone.ActiveCfg = Debug|Any CPU
		{AFD63142-F40F-45D2-A3A0-6AAAB24983E8}.Ad-Hoc|iPhone.Build.0 = Debug|Any CPU
		{AFD63142-F40F-45D2-A3A0-6AAAB24983E8}.Ad-Hoc|iPhoneSimulator.ActiveCfg = Debug|Any CPU
		{AFD63142-F40F-45D2-A3A0-6AAAB24983E8}.Ad-Hoc|iPhoneSimulator.Build.0 = Debug|Any CPU
		{AFD63142-F40F-45D2-A3A0-6AAAB24983E8}.AppStore|Any CPU.ActiveCfg = Debug|Any CPU
		{AFD63142-F40F-45D2-A3A0-6AAAB24983E8}.AppStore|Any CPU.Build.0 = Debug|Any CPU
		{AFD63142-F40F-45D2-A3A0-6AAAB24983E8}.AppStore|iPhone.ActiveCfg = Debug|Any CPU
		{AFD63142-F40F-45D2-A3A0-6AAAB24983E8}.AppStore|iPhone.Build.0 = Debug|Any CPU
		{AFD63142-F40F-45D2-A3A0-6AAAB24983E8}.AppStore|iPhoneSimulator.ActiveCfg = Debug|Any CPU
		{AFD63142-F40F-45D2-A3A0-6AAAB24983E8}.AppStore|iPhoneSimulator.Build.0 = Debug|Any CPU
		{AFD63142-F40F-45D2-A3A0-6AAAB24983E8}.Debug|Any CPU.ActiveCfg = Debug|Any CPU
		{AFD63142-F40F-45D2-A3A0-6AAAB24983E8}.Debug|Any CPU.Build.0 = Debug|Any CPU
		{AFD63142-F40F-45D2-A3A0-6AAAB24983E8}.Debug|iPhone.ActiveCfg = Debug|Any CPU
		{AFD63142-F40F-45D2-A3A0-6AAAB24983E8}.Debug|iPhone.Build.0 = Debug|Any CPU
		{AFD63142-F40F-45D2-A3A0-6AAAB24983E8}.Debug|iPhoneSimulator.ActiveCfg = Debug|Any CPU
		{AFD63142-F40F-45D2-A3A0-6AAAB24983E8}.Debug|iPhoneSimulator.Build.0 = Debug|Any CPU
		{AFD63142-F40F-45D2-A3A0-6AAAB24983E8}.Release|Any CPU.ActiveCfg = Release|Any CPU
		{AFD63142-F40F-45D2-A3A0-6AAAB24983E8}.Release|Any CPU.Build.0 = Release|Any CPU
		{AFD63142-F40F-45D2-A3A0-6AAAB24983E8}.Release|iPhone.ActiveCfg = Release|Any CPU
		{AFD63142-F40F-45D2-A3A0-6AAAB24983E8}.Release|iPhone.Build.0 = Release|Any CPU
		{AFD63142-F40F-45D2-A3A0-6AAAB24983E8}.Release|iPhoneSimulator.ActiveCfg = Release|Any CPU
		{AFD63142-F40F-45D2-A3A0-6AAAB24983E8}.Release|iPhoneSimulator.Build.0 = Release|Any CPU
	EndGlobalSection
	GlobalSection(SolutionProperties) = preSolution
		HideSolutionNode = FALSE
	EndGlobalSection
	GlobalSection(NestedProjects) = preSolution
		{12A715C2-8F74-41C7-9BE9-C0B6B5964686} = {11FEB46C-335E-43D4-99FB-0B47EB2298BC}
		{AFD63142-F40F-45D2-A3A0-6AAAB24983E8} = {11FEB46C-335E-43D4-99FB-0B47EB2298BC}
	EndGlobalSection
	GlobalSection(ExtensibilityGlobals) = postSolution
		SolutionGuid = {236EBBDC-CB65-4DF5-8ED5-68C38D195EC0}
	EndGlobalSection
EndGlobal
